
Microsoft Visual Studio Solution File, Format Version 12.00
# Visual Studio Version 16
VisualStudioVersion = 16.0.28711.60
MinimumVisualStudioVersion = 10.0.40219.1
Project("{6EC3EE1D-3C4E-46DD-8F32-0CC8E7565705}") = "Demo", "src\Demo\Demo.fsproj", "{E472F796-0912-4569-9BFA-811D89E4A1F0}"
EndProject
Project("{6EC3EE1D-3C4E-46DD-8F32-0CC8E7565705}") = "Aardvark.Base.Light", "src\Aardvark.Base.Light\Aardvark.Base.Light.fsproj", "{0663993F-FAAD-4432-A98B-B97A3034889F}"
EndProject
Project("{6EC3EE1D-3C4E-46DD-8F32-0CC8E7565705}") = "Aardvark.Rendering.WebGL", "src\Aardvark.Rendering.WebGL\Aardvark.Rendering.WebGL.fsproj", "{14ACD6CE-607A-4D10-A8B7-56B478D38B1D}"
EndProject
Project("{6EC3EE1D-3C4E-46DD-8F32-0CC8E7565705}") = "Aardvark.Base.Rendering", "src\Aardvark.Base.Rendering\Aardvark.Base.Rendering.fsproj", "{BCD8BB2F-8DC3-4BF0-A3D0-1D46631C8760}"
EndProject
Project("{6EC3EE1D-3C4E-46DD-8F32-0CC8E7565705}") = "Aardvark.Application", "src\Aardvark.Application\Aardvark.Application.fsproj", "{CC5B159E-6CF8-46E2-9262-42F29F130846}"
EndProject
Project("{6EC3EE1D-3C4E-46DD-8F32-0CC8E7565705}") = "Aardvark.SceneGraph", "src\Aardvark.SceneGraph\Aardvark.SceneGraph.fsproj", "{32994655-203B-4BD2-A583-7E500EA9828E}"
EndProject
Project("{2150E333-8FDC-42A3-9474-1A3956D46DE8}") = "FShade", "FShade", "{77185787-0A12-4FCD-BA95-95E81FFB64B5}"
EndProject
Project("{6EC3EE1D-3C4E-46DD-8F32-0CC8E7565705}") = "FShade.Imperative", "src\FShade\FShade.Imperative\FShade.Imperative.fsproj", "{06CFF9A3-01B1-431F-9A88-D754ECA46151}"
EndProject
Project("{F2A71F9B-5D33-465A-A702-920D77279786}") = "FShade.Core", "src\FShade\FShade.Core\FShade.Core.fsproj", "{B4019BFB-372F-4308-9F3B-3420B61D8844}"
EndProject
Global
	GlobalSection(SolutionConfigurationPlatforms) = preSolution
		Debug|Any CPU = Debug|Any CPU
		Release|Any CPU = Release|Any CPU
	EndGlobalSection
	GlobalSection(ProjectConfigurationPlatforms) = postSolution
		{E472F796-0912-4569-9BFA-811D89E4A1F0}.Debug|Any CPU.ActiveCfg = Debug|Any CPU
		{E472F796-0912-4569-9BFA-811D89E4A1F0}.Debug|Any CPU.Build.0 = Debug|Any CPU
		{E472F796-0912-4569-9BFA-811D89E4A1F0}.Release|Any CPU.ActiveCfg = Release|Any CPU
		{E472F796-0912-4569-9BFA-811D89E4A1F0}.Release|Any CPU.Build.0 = Release|Any CPU
		{0663993F-FAAD-4432-A98B-B97A3034889F}.Debug|Any CPU.ActiveCfg = Debug|Any CPU
		{0663993F-FAAD-4432-A98B-B97A3034889F}.Debug|Any CPU.Build.0 = Debug|Any CPU
		{0663993F-FAAD-4432-A98B-B97A3034889F}.Release|Any CPU.ActiveCfg = Release|Any CPU
		{0663993F-FAAD-4432-A98B-B97A3034889F}.Release|Any CPU.Build.0 = Release|Any CPU
		{14ACD6CE-607A-4D10-A8B7-56B478D38B1D}.Debug|Any CPU.ActiveCfg = Debug|Any CPU
		{14ACD6CE-607A-4D10-A8B7-56B478D38B1D}.Debug|Any CPU.Build.0 = Debug|Any CPU
		{14ACD6CE-607A-4D10-A8B7-56B478D38B1D}.Release|Any CPU.ActiveCfg = Release|Any CPU
		{14ACD6CE-607A-4D10-A8B7-56B478D38B1D}.Release|Any CPU.Build.0 = Release|Any CPU
		{BCD8BB2F-8DC3-4BF0-A3D0-1D46631C8760}.Debug|Any CPU.ActiveCfg = Debug|Any CPU
		{BCD8BB2F-8DC3-4BF0-A3D0-1D46631C8760}.Debug|Any CPU.Build.0 = Debug|Any CPU
		{BCD8BB2F-8DC3-4BF0-A3D0-1D46631C8760}.Release|Any CPU.ActiveCfg = Release|Any CPU
		{BCD8BB2F-8DC3-4BF0-A3D0-1D46631C8760}.Release|Any CPU.Build.0 = Release|Any CPU
		{CC5B159E-6CF8-46E2-9262-42F29F130846}.Debug|Any CPU.ActiveCfg = Debug|Any CPU
		{CC5B159E-6CF8-46E2-9262-42F29F130846}.Debug|Any CPU.Build.0 = Debug|Any CPU
		{CC5B159E-6CF8-46E2-9262-42F29F130846}.Release|Any CPU.ActiveCfg = Release|Any CPU
		{CC5B159E-6CF8-46E2-9262-42F29F130846}.Release|Any CPU.Build.0 = Release|Any CPU
		{32994655-203B-4BD2-A583-7E500EA9828E}.Debug|Any CPU.ActiveCfg = Debug|Any CPU
		{32994655-203B-4BD2-A583-7E500EA9828E}.Debug|Any CPU.Build.0 = Debug|Any CPU
		{32994655-203B-4BD2-A583-7E500EA9828E}.Release|Any CPU.ActiveCfg = Release|Any CPU
		{32994655-203B-4BD2-A583-7E500EA9828E}.Release|Any CPU.Build.0 = Release|Any CPU
		{06CFF9A3-01B1-431F-9A88-D754ECA46151}.Debug|Any CPU.ActiveCfg = Debug|Any CPU
		{06CFF9A3-01B1-431F-9A88-D754ECA46151}.Debug|Any CPU.Build.0 = Debug|Any CPU
		{06CFF9A3-01B1-431F-9A88-D754ECA46151}.Release|Any CPU.ActiveCfg = Release|Any CPU
		{06CFF9A3-01B1-431F-9A88-D754ECA46151}.Release|Any CPU.Build.0 = Release|Any CPU
		{B4019BFB-372F-4308-9F3B-3420B61D8844}.Debug|Any CPU.ActiveCfg = Debug|Any CPU
		{B4019BFB-372F-4308-9F3B-3420B61D8844}.Debug|Any CPU.Build.0 = Debug|Any CPU
		{B4019BFB-372F-4308-9F3B-3420B61D8844}.Release|Any CPU.ActiveCfg = Release|Any CPU
		{B4019BFB-372F-4308-9F3B-3420B61D8844}.Release|Any CPU.Build.0 = Release|Any CPU
	EndGlobalSection
	GlobalSection(SolutionProperties) = preSolution
		HideSolutionNode = FALSE
	EndGlobalSection
	GlobalSection(NestedProjects) = preSolution
		{06CFF9A3-01B1-431F-9A88-D754ECA46151} = {77185787-0A12-4FCD-BA95-95E81FFB64B5}
		{B4019BFB-372F-4308-9F3B-3420B61D8844} = {77185787-0A12-4FCD-BA95-95E81FFB64B5}
	EndGlobalSection
	GlobalSection(ExtensibilityGlobals) = postSolution
		SolutionGuid = {5C89E353-D610-4FBC-9021-CB0980971C8C}
	EndGlobalSection
EndGlobal
