
Microsoft Visual Studio Solution File, Format Version 12.00
# Visual Studio Version 16
VisualStudioVersion = 16.0.28711.60
MinimumVisualStudioVersion = 10.0.40219.1
Project("{6EC3EE1D-3C4E-46DD-8F32-0CC8E7565705}") = "Demo", "src\Demo\Demo.fsproj", "{E472F796-0912-4569-9BFA-811D89E4A1F0}"
EndProject
Project("{6EC3EE1D-3C4E-46DD-8F32-0CC8E7565705}") = "Aardvark.Base.Web", "src\Aardvark.Base.Web\Aardvark.Base.Web.fsproj", "{0663993F-FAAD-4432-A98B-B97A3034889F}"
EndProject
Project("{6EC3EE1D-3C4E-46DD-8F32-0CC8E7565705}") = "Aardvark.Rendering.WebGL", "src\Aardvark.Rendering.WebGL\Aardvark.Rendering.WebGL.fsproj", "{14ACD6CE-607A-4D10-A8B7-56B478D38B1D}"
EndProject
Project("{6EC3EE1D-3C4E-46DD-8F32-0CC8E7565705}") = "Aardvark.Rendering.Web", "src\Aardvark.Rendering.Web\Aardvark.Rendering.Web.fsproj", "{BCD8BB2F-8DC3-4BF0-A3D0-1D46631C8760}"
EndProject
Project("{6EC3EE1D-3C4E-46DD-8F32-0CC8E7565705}") = "Aardvark.Application.Web", "src\Aardvark.Application.Web\Aardvark.Application.Web.fsproj", "{CC5B159E-6CF8-46E2-9262-42F29F130846}"
EndProject
Project("{6EC3EE1D-3C4E-46DD-8F32-0CC8E7565705}") = "Aardvark.SceneGraph.Web", "src\Aardvark.SceneGraph.Web\Aardvark.SceneGraph.Web.fsproj", "{32994655-203B-4BD2-A583-7E500EA9828E}"
EndProject
Project("{2150E333-8FDC-42A3-9474-1A3956D46DE8}") = "FShade", "FShade", "{77185787-0A12-4FCD-BA95-95E81FFB64B5}"
EndProject
Project("{6EC3EE1D-3C4E-46DD-8F32-0CC8E7565705}") = "FShade.Imperative", "src\FShade\FShade.Imperative\FShade.Imperative.fsproj", "{06CFF9A3-01B1-431F-9A88-D754ECA46151}"
EndProject
Project("{6EC3EE1D-3C4E-46DD-8F32-0CC8E7565705}") = "FShade.Core", "src\FShade\FShade.Core\FShade.Core.fsproj", "{B4019BFB-372F-4308-9F3B-3420B61D8844}"
EndProject
Project("{6EC3EE1D-3C4E-46DD-8F32-0CC8E7565705}") = "FShade.GLSL", "src\FShade\FShade.GLSL\FShade.GLSL.fsproj", "{0C36D55E-65A7-4631-911C-DF7F4310925F}"
EndProject
Project("{6EC3EE1D-3C4E-46DD-8F32-0CC8E7565705}") = "Aardvark.Application.Utilities", "src\Aardvark.Application.Utilities\Aardvark.Application.Utilities.fsproj", "{95FC46C5-8600-4F6D-8217-B439DB9D9BA8}"
EndProject
Project("{6EC3EE1D-3C4E-46DD-8F32-0CC8E7565705}") = "Worker", "src\Worker\Worker.fsproj", "{EF2F0E54-1FC4-42F5-8821-D771952A9D0F}"
EndProject
Project("{6EC3EE1D-3C4E-46DD-8F32-0CC8E7565705}") = "Shared", "src\Shared\Shared.fsproj", "{213E745D-3EBD-4E8D-8440-8CF0795DD416}"
EndProject
Project("{2150E333-8FDC-42A3-9474-1A3956D46DE8}") = "PointCloudViewer", "PointCloudViewer", "{9C936F5F-0809-4293-B5AD-365978EB3541}"
EndProject
Project("{F2A71F9B-5D33-465A-A702-920D77279786}") = "Importer", "src\PointCloudViewer\Importer\Importer.fsproj", "{3EBB8210-83D2-437E-ACF0-8C6C6AF17FFB}"
EndProject
Project("{F2A71F9B-5D33-465A-A702-920D77279786}") = "Aardvark.Data", "src\PointCloudViewer\Aardvark.Data\Aardvark.Data.fsproj", "{D577EF7B-E76C-45DE-B0A7-38AF08856165}"
EndProject
Global
	GlobalSection(SolutionConfigurationPlatforms) = preSolution
		Debug|Any CPU = Debug|Any CPU
		Release|Any CPU = Release|Any CPU
	EndGlobalSection
	GlobalSection(ProjectConfigurationPlatforms) = postSolution
		{E472F796-0912-4569-9BFA-811D89E4A1F0}.Debug|Any CPU.ActiveCfg = Debug|Any CPU
		{E472F796-0912-4569-9BFA-811D89E4A1F0}.Debug|Any CPU.Build.0 = Debug|Any CPU
		{E472F796-0912-4569-9BFA-811D89E4A1F0}.Release|Any CPU.ActiveCfg = Release|Any CPU
		{E472F796-0912-4569-9BFA-811D89E4A1F0}.Release|Any CPU.Build.0 = Release|Any CPU
		{0663993F-FAAD-4432-A98B-B97A3034889F}.Debug|Any CPU.ActiveCfg = Debug|Any CPU
		{0663993F-FAAD-4432-A98B-B97A3034889F}.Debug|Any CPU.Build.0 = Debug|Any CPU
		{0663993F-FAAD-4432-A98B-B97A3034889F}.Release|Any CPU.ActiveCfg = Release|Any CPU
		{0663993F-FAAD-4432-A98B-B97A3034889F}.Release|Any CPU.Build.0 = Release|Any CPU
		{14ACD6CE-607A-4D10-A8B7-56B478D38B1D}.Debug|Any CPU.ActiveCfg = Debug|Any CPU
		{14ACD6CE-607A-4D10-A8B7-56B478D38B1D}.Debug|Any CPU.Build.0 = Debug|Any CPU
		{14ACD6CE-607A-4D10-A8B7-56B478D38B1D}.Release|Any CPU.ActiveCfg = Release|Any CPU
		{14ACD6CE-607A-4D10-A8B7-56B478D38B1D}.Release|Any CPU.Build.0 = Release|Any CPU
		{BCD8BB2F-8DC3-4BF0-A3D0-1D46631C8760}.Debug|Any CPU.ActiveCfg = Debug|Any CPU
		{BCD8BB2F-8DC3-4BF0-A3D0-1D46631C8760}.Debug|Any CPU.Build.0 = Debug|Any CPU
		{BCD8BB2F-8DC3-4BF0-A3D0-1D46631C8760}.Release|Any CPU.ActiveCfg = Release|Any CPU
		{BCD8BB2F-8DC3-4BF0-A3D0-1D46631C8760}.Release|Any CPU.Build.0 = Release|Any CPU
		{CC5B159E-6CF8-46E2-9262-42F29F130846}.Debug|Any CPU.ActiveCfg = Debug|Any CPU
		{CC5B159E-6CF8-46E2-9262-42F29F130846}.Debug|Any CPU.Build.0 = Debug|Any CPU
		{CC5B159E-6CF8-46E2-9262-42F29F130846}.Release|Any CPU.ActiveCfg = Release|Any CPU
		{CC5B159E-6CF8-46E2-9262-42F29F130846}.Release|Any CPU.Build.0 = Release|Any CPU
		{32994655-203B-4BD2-A583-7E500EA9828E}.Debug|Any CPU.ActiveCfg = Debug|Any CPU
		{32994655-203B-4BD2-A583-7E500EA9828E}.Debug|Any CPU.Build.0 = Debug|Any CPU
		{32994655-203B-4BD2-A583-7E500EA9828E}.Release|Any CPU.ActiveCfg = Release|Any CPU
		{32994655-203B-4BD2-A583-7E500EA9828E}.Release|Any CPU.Build.0 = Release|Any CPU
		{06CFF9A3-01B1-431F-9A88-D754ECA46151}.Debug|Any CPU.ActiveCfg = Debug|Any CPU
		{06CFF9A3-01B1-431F-9A88-D754ECA46151}.Debug|Any CPU.Build.0 = Debug|Any CPU
		{06CFF9A3-01B1-431F-9A88-D754ECA46151}.Release|Any CPU.ActiveCfg = Release|Any CPU
		{06CFF9A3-01B1-431F-9A88-D754ECA46151}.Release|Any CPU.Build.0 = Release|Any CPU
		{B4019BFB-372F-4308-9F3B-3420B61D8844}.Debug|Any CPU.ActiveCfg = Debug|Any CPU
		{B4019BFB-372F-4308-9F3B-3420B61D8844}.Debug|Any CPU.Build.0 = Debug|Any CPU
		{B4019BFB-372F-4308-9F3B-3420B61D8844}.Release|Any CPU.ActiveCfg = Release|Any CPU
		{B4019BFB-372F-4308-9F3B-3420B61D8844}.Release|Any CPU.Build.0 = Release|Any CPU
		{0C36D55E-65A7-4631-911C-DF7F4310925F}.Debug|Any CPU.ActiveCfg = Debug|Any CPU
		{0C36D55E-65A7-4631-911C-DF7F4310925F}.Debug|Any CPU.Build.0 = Debug|Any CPU
		{0C36D55E-65A7-4631-911C-DF7F4310925F}.Release|Any CPU.ActiveCfg = Release|Any CPU
		{0C36D55E-65A7-4631-911C-DF7F4310925F}.Release|Any CPU.Build.0 = Release|Any CPU
		{95FC46C5-8600-4F6D-8217-B439DB9D9BA8}.Debug|Any CPU.ActiveCfg = Debug|Any CPU
		{95FC46C5-8600-4F6D-8217-B439DB9D9BA8}.Debug|Any CPU.Build.0 = Debug|Any CPU
		{95FC46C5-8600-4F6D-8217-B439DB9D9BA8}.Release|Any CPU.ActiveCfg = Release|Any CPU
		{95FC46C5-8600-4F6D-8217-B439DB9D9BA8}.Release|Any CPU.Build.0 = Release|Any CPU
		{EF2F0E54-1FC4-42F5-8821-D771952A9D0F}.Debug|Any CPU.ActiveCfg = Debug|Any CPU
		{EF2F0E54-1FC4-42F5-8821-D771952A9D0F}.Debug|Any CPU.Build.0 = Debug|Any CPU
		{EF2F0E54-1FC4-42F5-8821-D771952A9D0F}.Release|Any CPU.ActiveCfg = Release|Any CPU
		{EF2F0E54-1FC4-42F5-8821-D771952A9D0F}.Release|Any CPU.Build.0 = Release|Any CPU
		{213E745D-3EBD-4E8D-8440-8CF0795DD416}.Debug|Any CPU.ActiveCfg = Debug|Any CPU
		{213E745D-3EBD-4E8D-8440-8CF0795DD416}.Debug|Any CPU.Build.0 = Debug|Any CPU
		{213E745D-3EBD-4E8D-8440-8CF0795DD416}.Release|Any CPU.ActiveCfg = Release|Any CPU
		{213E745D-3EBD-4E8D-8440-8CF0795DD416}.Release|Any CPU.Build.0 = Release|Any CPU
		{3EBB8210-83D2-437E-ACF0-8C6C6AF17FFB}.Debug|Any CPU.ActiveCfg = Debug|Any CPU
		{3EBB8210-83D2-437E-ACF0-8C6C6AF17FFB}.Debug|Any CPU.Build.0 = Debug|Any CPU
		{3EBB8210-83D2-437E-ACF0-8C6C6AF17FFB}.Release|Any CPU.ActiveCfg = Release|Any CPU
		{3EBB8210-83D2-437E-ACF0-8C6C6AF17FFB}.Release|Any CPU.Build.0 = Release|Any CPU
		{D577EF7B-E76C-45DE-B0A7-38AF08856165}.Debug|Any CPU.ActiveCfg = Debug|Any CPU
		{D577EF7B-E76C-45DE-B0A7-38AF08856165}.Debug|Any CPU.Build.0 = Debug|Any CPU
		{D577EF7B-E76C-45DE-B0A7-38AF08856165}.Release|Any CPU.ActiveCfg = Release|Any CPU
		{D577EF7B-E76C-45DE-B0A7-38AF08856165}.Release|Any CPU.Build.0 = Release|Any CPU
	EndGlobalSection
	GlobalSection(SolutionProperties) = preSolution
		HideSolutionNode = FALSE
	EndGlobalSection
	GlobalSection(NestedProjects) = preSolution
		{06CFF9A3-01B1-431F-9A88-D754ECA46151} = {77185787-0A12-4FCD-BA95-95E81FFB64B5}
		{B4019BFB-372F-4308-9F3B-3420B61D8844} = {77185787-0A12-4FCD-BA95-95E81FFB64B5}
		{0C36D55E-65A7-4631-911C-DF7F4310925F} = {77185787-0A12-4FCD-BA95-95E81FFB64B5}
		{3EBB8210-83D2-437E-ACF0-8C6C6AF17FFB} = {9C936F5F-0809-4293-B5AD-365978EB3541}
		{D577EF7B-E76C-45DE-B0A7-38AF08856165} = {9C936F5F-0809-4293-B5AD-365978EB3541}
	EndGlobalSection
	GlobalSection(ExtensibilityGlobals) = postSolution
		SolutionGuid = {5C89E353-D610-4FBC-9021-CB0980971C8C}
	EndGlobalSection
EndGlobal
